// !$*UTF8*$!
{
	archiveVersion = 1;
	classes = {
	};
	objectVersion = 56;
	objects = {

/* Begin PBXBuildFile section */
		2507BB4729C7A77F004478BE /* SettingsKeys.swift in Sources */ = {isa = PBXBuildFile; fileRef = 2507BB4629C7A77F004478BE /* SettingsKeys.swift */; };
		2507BB4B29C805BD004478BE /* AboutView.swift in Sources */ = {isa = PBXBuildFile; fileRef = 2507BB4A29C805BD004478BE /* AboutView.swift */; };
		2507BB4D29C91AFD004478BE /* Logo.swift in Sources */ = {isa = PBXBuildFile; fileRef = 2507BB4C29C91AFD004478BE /* Logo.swift */; };
		2507BB5129C91BF9004478BE /* AlertView.swift in Sources */ = {isa = PBXBuildFile; fileRef = 2507BB5029C91BF9004478BE /* AlertView.swift */; };
		2507BB5329C91C2E004478BE /* SettingsMenu.swift in Sources */ = {isa = PBXBuildFile; fileRef = 2507BB5229C91C2E004478BE /* SettingsMenu.swift */; };
		2507BB5929C925FF004478BE /* SettingsKeys.swift in Sources */ = {isa = PBXBuildFile; fileRef = 2507BB4629C7A77F004478BE /* SettingsKeys.swift */; };
		253816DE29A5D88C007BD118 /* AppDelegate.swift in Sources */ = {isa = PBXBuildFile; fileRef = 253816DD29A5D88C007BD118 /* AppDelegate.swift */; };
		253816E029A5D88C007BD118 /* ContentView.swift in Sources */ = {isa = PBXBuildFile; fileRef = 253816DF29A5D88C007BD118 /* ContentView.swift */; };
		253816E229A5D88C007BD118 /* Assets.xcassets in Resources */ = {isa = PBXBuildFile; fileRef = 253816E129A5D88C007BD118 /* Assets.xcassets */; };
		253816E529A5D88C007BD118 /* Preview Assets.xcassets in Resources */ = {isa = PBXBuildFile; fileRef = 253816E429A5D88C007BD118 /* Preview Assets.xcassets */; };
		253816F029A5D88C007BD118 /* ViewModelTests.swift in Sources */ = {isa = PBXBuildFile; fileRef = 253816EF29A5D88C007BD118 /* ViewModelTests.swift */; };
		253816FA29A5D88C007BD118 /* HourglassUITests.swift in Sources */ = {isa = PBXBuildFile; fileRef = 253816F929A5D88C007BD118 /* HourglassUITests.swift */; };
		25458EE129C6A69F00A118C0 /* Constants.swift in Sources */ = {isa = PBXBuildFile; fileRef = 25458EE029C6A69F00A118C0 /* Constants.swift */; };
		254C4F062A33C74900217448 /* AnalyticsDataType.swift in Sources */ = {isa = PBXBuildFile; fileRef = 254C4F052A33C74900217448 /* AnalyticsDataType.swift */; };
		254C4F082A38A8C200217448 /* GoogleService-Info.plist in Resources */ = {isa = PBXBuildFile; fileRef = 254C4F072A38A8C200217448 /* GoogleService-Info.plist */; };
		254C4F092A38A8C200217448 /* GoogleService-Info.plist in Resources */ = {isa = PBXBuildFile; fileRef = 254C4F072A38A8C200217448 /* GoogleService-Info.plist */; };
		254C4F0A2A38A8C200217448 /* GoogleService-Info.plist in Resources */ = {isa = PBXBuildFile; fileRef = 254C4F072A38A8C200217448 /* GoogleService-Info.plist */; };
		254C4F0D2A38AD2B00217448 /* FirebaseAnalyticsWithoutAdIdSupport in Frameworks */ = {isa = PBXBuildFile; productRef = 254C4F0C2A38AD2B00217448 /* FirebaseAnalyticsWithoutAdIdSupport */; };
		254C4F152A38F85700217448 /* FirebaseCrashlytics in Frameworks */ = {isa = PBXBuildFile; productRef = 254C4F142A38F85700217448 /* FirebaseCrashlytics */; };
		2570F7352A0BDA5F0031B0BB /* RestSettingsFlow.swift in Sources */ = {isa = PBXBuildFile; fileRef = 2570F7342A0BDA5F0031B0BB /* RestSettingsFlow.swift */; };
		2570F7382A1472160031B0BB /* TimerHistory.xcdatamodeld in Sources */ = {isa = PBXBuildFile; fileRef = 2570F7362A1472160031B0BB /* TimerHistory.xcdatamodeld */; };
		2570F73A2A1563C70031B0BB /* CoreDataStore.swift in Sources */ = {isa = PBXBuildFile; fileRef = 2570F7392A1563C70031B0BB /* CoreDataStore.swift */; };
		2570F74A2A1A34B20031B0BB /* StatisticsView.swift in Sources */ = {isa = PBXBuildFile; fileRef = 2570F7492A1A34B20031B0BB /* StatisticsView.swift */; };
		258302EA29C331CC00D37115 /* SettingsManager.swift in Sources */ = {isa = PBXBuildFile; fileRef = 258302E929C331CC00D37115 /* SettingsManager.swift */; };
		258302EC29C369E400D37115 /* Events.swift in Sources */ = {isa = PBXBuildFile; fileRef = 258302EB29C369E400D37115 /* Events.swift */; };
		258302EE29C36A0000D37115 /* Notifications.swift in Sources */ = {isa = PBXBuildFile; fileRef = 258302ED29C36A0000D37115 /* Notifications.swift */; };
		258CB4C529C2E4D800812DA4 /* UserNotificationManager.swift in Sources */ = {isa = PBXBuildFile; fileRef = 258CB4C429C2E4D800812DA4 /* UserNotificationManager.swift */; };
		258D5ABC2AB12F4D005CD49F /* TimerCategoryToggle.swift in Sources */ = {isa = PBXBuildFile; fileRef = 258D5ABB2AB12F4D005CD49F /* TimerCategoryToggle.swift */; };
		258D5ABE2AB262C2005CD49F /* TimerCategoryTogglePresenterModel.swift in Sources */ = {isa = PBXBuildFile; fileRef = 258D5ABD2AB262C2005CD49F /* TimerCategoryTogglePresenterModel.swift */; };
		25937DBA29B1B4E900A15F0B /* TimerButtonPresenterModel.swift in Sources */ = {isa = PBXBuildFile; fileRef = 25937DB929B1B4E900A15F0B /* TimerButtonPresenterModel.swift */; };
		25AF8B902A2EAA93000A3F5F /* Mixpanel in Frameworks */ = {isa = PBXBuildFile; productRef = 25AF8B8F2A2EAA93000A3F5F /* Mixpanel */; };
		25AF8B922A2EAD3C000A3F5F /* AnalyticsManager.swift in Sources */ = {isa = PBXBuildFile; fileRef = 25AF8B912A2EAD3C000A3F5F /* AnalyticsManager.swift */; };
		25AF8B952A2F92BA000A3F5F /* MixpanelEngine.swift in Sources */ = {isa = PBXBuildFile; fileRef = 25AF8B942A2F92BA000A3F5F /* MixpanelEngine.swift */; };
		25AF8B972A2F952C000A3F5F /* StdoutEngine.swift in Sources */ = {isa = PBXBuildFile; fileRef = 25AF8B962A2F952B000A3F5F /* StdoutEngine.swift */; };
		25AFADD829EE6AC100307115 /* TimerModelStateManager.swift in Sources */ = {isa = PBXBuildFile; fileRef = 25AFADD729EE6AC100307115 /* TimerModelStateManager.swift */; };
		25BAF15A29EE36F900FE33D8 /* DataManager.swift in Sources */ = {isa = PBXBuildFile; fileRef = 25BAF15929EE36F800FE33D8 /* DataManager.swift */; };
		25BE3D1629DE632A00278E02 /* PopoverViewController.swift in Sources */ = {isa = PBXBuildFile; fileRef = 25BE3D1529DE632A00278E02 /* PopoverViewController.swift */; };
		25C3126629B5AE1E000070DF /* TimeUnit.swift in Sources */ = {isa = PBXBuildFile; fileRef = 25C3126529B5AE1E000070DF /* TimeUnit.swift */; };
		25C3126829BC1750000070DF /* TimerManagerTests.swift in Sources */ = {isa = PBXBuildFile; fileRef = 25C3126729BC1750000070DF /* TimerManagerTests.swift */; };
		25C3126A29BC287F000070DF /* UnitTestProviders.swift in Sources */ = {isa = PBXBuildFile; fileRef = 25C3126929BC287F000070DF /* UnitTestProviders.swift */; };
		25C97C9029CC98AF001A8CAD /* main.swift in Sources */ = {isa = PBXBuildFile; fileRef = 25C97C8F29CC98AF001A8CAD /* main.swift */; };
		25C97C9329D2A2C9001A8CAD /* TimestampView.swift in Sources */ = {isa = PBXBuildFile; fileRef = 25C97C9229D2A2C9001A8CAD /* TimestampView.swift */; };
		25D7D4BD2A1BC3C300ADEDF4 /* TestData.swift in Sources */ = {isa = PBXBuildFile; fileRef = 25D7D4BC2A1BC3C300ADEDF4 /* TestData.swift */; };
		25E019252A453D7F007BF235 /* Bundle.swift in Sources */ = {isa = PBXBuildFile; fileRef = 25E019242A453D7F007BF235 /* Bundle.swift */; };
		25E0198F2A57B32F007BF235 /* IAPStoreView.swift in Sources */ = {isa = PBXBuildFile; fileRef = 25E0198E2A57B32F007BF235 /* IAPStoreView.swift */; };
		25E019912A57B6A6007BF235 /* IAPManager.swift in Sources */ = {isa = PBXBuildFile; fileRef = 25E019902A57B6A6007BF235 /* IAPManager.swift */; };
		25E019952A58F3A2007BF235 /* StoreKit.framework in Frameworks */ = {isa = PBXBuildFile; fileRef = 25E019942A58F3A2007BF235 /* StoreKit.framework */; };
		25EB6D6929A67985005BC143 /* TimerButton.swift in Sources */ = {isa = PBXBuildFile; fileRef = 25EB6D6829A67985005BC143 /* TimerButton.swift */; };
		25EB6D6B29AAD45C005BC143 /* Color.swift in Sources */ = {isa = PBXBuildFile; fileRef = 25EB6D6A29AAD45C005BC143 /* Color.swift */; };
		25EB6D6F29AAE226005BC143 /* Poppins-Regular.ttf in Resources */ = {isa = PBXBuildFile; fileRef = 25EB6D6E29AAE226005BC143 /* Poppins-Regular.ttf */; };
		25EB6D7229AAE32C005BC143 /* Font.swift in Sources */ = {isa = PBXBuildFile; fileRef = 25EB6D7129AAE32C005BC143 /* Font.swift */; };
		25EB6DAC29B027AB005BC143 /* ViewModel.swift in Sources */ = {isa = PBXBuildFile; fileRef = 25EB6DAB29B027AB005BC143 /* ViewModel.swift */; };
		25EB6DAE29B04BC3005BC143 /* TimerManager.swift in Sources */ = {isa = PBXBuildFile; fileRef = 25EB6DAD29B04BC3005BC143 /* TimerManager.swift */; };
/* End PBXBuildFile section */

/* Begin PBXContainerItemProxy section */
		253816EC29A5D88C007BD118 /* PBXContainerItemProxy */ = {
			isa = PBXContainerItemProxy;
			containerPortal = 253816D229A5D88C007BD118 /* Project object */;
			proxyType = 1;
			remoteGlobalIDString = 253816D929A5D88C007BD118;
			remoteInfo = Hourglass;
		};
		253816F629A5D88C007BD118 /* PBXContainerItemProxy */ = {
			isa = PBXContainerItemProxy;
			containerPortal = 253816D229A5D88C007BD118 /* Project object */;
			proxyType = 1;
			remoteGlobalIDString = 253816D929A5D88C007BD118;
			remoteInfo = Hourglass;
		};
/* End PBXContainerItemProxy section */

/* Begin PBXFileReference section */
		2507BB4629C7A77F004478BE /* SettingsKeys.swift */ = {isa = PBXFileReference; lastKnownFileType = sourcecode.swift; path = SettingsKeys.swift; sourceTree = "<group>"; };
		2507BB4A29C805BD004478BE /* AboutView.swift */ = {isa = PBXFileReference; lastKnownFileType = sourcecode.swift; path = AboutView.swift; sourceTree = "<group>"; };
		2507BB4C29C91AFD004478BE /* Logo.swift */ = {isa = PBXFileReference; lastKnownFileType = sourcecode.swift; path = Logo.swift; sourceTree = "<group>"; };
		2507BB5029C91BF9004478BE /* AlertView.swift */ = {isa = PBXFileReference; lastKnownFileType = sourcecode.swift; path = AlertView.swift; sourceTree = "<group>"; };
		2507BB5229C91C2E004478BE /* SettingsMenu.swift */ = {isa = PBXFileReference; lastKnownFileType = sourcecode.swift; path = SettingsMenu.swift; sourceTree = "<group>"; };
		253816DA29A5D88C007BD118 /* Hourglass.app */ = {isa = PBXFileReference; explicitFileType = wrapper.application; includeInIndex = 0; path = Hourglass.app; sourceTree = BUILT_PRODUCTS_DIR; };
		253816DD29A5D88C007BD118 /* AppDelegate.swift */ = {isa = PBXFileReference; lastKnownFileType = sourcecode.swift; path = AppDelegate.swift; sourceTree = "<group>"; };
		253816DF29A5D88C007BD118 /* ContentView.swift */ = {isa = PBXFileReference; lastKnownFileType = sourcecode.swift; path = ContentView.swift; sourceTree = "<group>"; };
		253816E129A5D88C007BD118 /* Assets.xcassets */ = {isa = PBXFileReference; lastKnownFileType = folder.assetcatalog; path = Assets.xcassets; sourceTree = "<group>"; };
		253816E429A5D88C007BD118 /* Preview Assets.xcassets */ = {isa = PBXFileReference; lastKnownFileType = folder.assetcatalog; path = "Preview Assets.xcassets"; sourceTree = "<group>"; };
		253816E629A5D88C007BD118 /* Hourglass.entitlements */ = {isa = PBXFileReference; lastKnownFileType = text.plist.entitlements; path = Hourglass.entitlements; sourceTree = "<group>"; };
		253816EB29A5D88C007BD118 /* HourglassTests.xctest */ = {isa = PBXFileReference; explicitFileType = wrapper.cfbundle; includeInIndex = 0; path = HourglassTests.xctest; sourceTree = BUILT_PRODUCTS_DIR; };
		253816EF29A5D88C007BD118 /* ViewModelTests.swift */ = {isa = PBXFileReference; lastKnownFileType = sourcecode.swift; path = ViewModelTests.swift; sourceTree = "<group>"; };
		253816F529A5D88C007BD118 /* HourglassUITests.xctest */ = {isa = PBXFileReference; explicitFileType = wrapper.cfbundle; includeInIndex = 0; path = HourglassUITests.xctest; sourceTree = BUILT_PRODUCTS_DIR; };
		253816F929A5D88C007BD118 /* HourglassUITests.swift */ = {isa = PBXFileReference; lastKnownFileType = sourcecode.swift; path = HourglassUITests.swift; sourceTree = "<group>"; };
		25458EE029C6A69F00A118C0 /* Constants.swift */ = {isa = PBXFileReference; lastKnownFileType = sourcecode.swift; path = Constants.swift; sourceTree = "<group>"; };
		254C4F052A33C74900217448 /* AnalyticsDataType.swift */ = {isa = PBXFileReference; lastKnownFileType = sourcecode.swift; path = AnalyticsDataType.swift; sourceTree = "<group>"; };
		254C4F072A38A8C200217448 /* GoogleService-Info.plist */ = {isa = PBXFileReference; fileEncoding = 4; lastKnownFileType = text.plist.xml; path = "GoogleService-Info.plist"; sourceTree = "<group>"; };
		2570F7342A0BDA5F0031B0BB /* RestSettingsFlow.swift */ = {isa = PBXFileReference; lastKnownFileType = sourcecode.swift; path = RestSettingsFlow.swift; sourceTree = "<group>"; };
		2570F7372A1472160031B0BB /* TimerHistory.xcdatamodel */ = {isa = PBXFileReference; lastKnownFileType = wrapper.xcdatamodel; path = TimerHistory.xcdatamodel; sourceTree = "<group>"; };
		2570F7392A1563C70031B0BB /* CoreDataStore.swift */ = {isa = PBXFileReference; lastKnownFileType = sourcecode.swift; path = CoreDataStore.swift; sourceTree = "<group>"; };
		2570F7492A1A34B20031B0BB /* StatisticsView.swift */ = {isa = PBXFileReference; lastKnownFileType = sourcecode.swift; path = StatisticsView.swift; sourceTree = "<group>"; };
		258302E929C331CC00D37115 /* SettingsManager.swift */ = {isa = PBXFileReference; lastKnownFileType = sourcecode.swift; path = SettingsManager.swift; sourceTree = "<group>"; };
		258302EB29C369E400D37115 /* Events.swift */ = {isa = PBXFileReference; lastKnownFileType = sourcecode.swift; path = Events.swift; sourceTree = "<group>"; };
		258302ED29C36A0000D37115 /* Notifications.swift */ = {isa = PBXFileReference; lastKnownFileType = sourcecode.swift; path = Notifications.swift; sourceTree = "<group>"; };
		258CB4C429C2E4D800812DA4 /* UserNotificationManager.swift */ = {isa = PBXFileReference; lastKnownFileType = sourcecode.swift; path = UserNotificationManager.swift; sourceTree = "<group>"; };
		258D5ABB2AB12F4D005CD49F /* TimerCategoryToggle.swift */ = {isa = PBXFileReference; lastKnownFileType = sourcecode.swift; path = TimerCategoryToggle.swift; sourceTree = "<group>"; };
		258D5ABD2AB262C2005CD49F /* TimerCategoryTogglePresenterModel.swift */ = {isa = PBXFileReference; lastKnownFileType = sourcecode.swift; path = TimerCategoryTogglePresenterModel.swift; sourceTree = "<group>"; };
		25937DB929B1B4E900A15F0B /* TimerButtonPresenterModel.swift */ = {isa = PBXFileReference; lastKnownFileType = sourcecode.swift; path = TimerButtonPresenterModel.swift; sourceTree = "<group>"; };
		25AF8B912A2EAD3C000A3F5F /* AnalyticsManager.swift */ = {isa = PBXFileReference; lastKnownFileType = sourcecode.swift; path = AnalyticsManager.swift; sourceTree = "<group>"; };
		25AF8B942A2F92BA000A3F5F /* MixpanelEngine.swift */ = {isa = PBXFileReference; lastKnownFileType = sourcecode.swift; path = MixpanelEngine.swift; sourceTree = "<group>"; };
		25AF8B962A2F952B000A3F5F /* StdoutEngine.swift */ = {isa = PBXFileReference; lastKnownFileType = sourcecode.swift; path = StdoutEngine.swift; sourceTree = "<group>"; };
		25AF8B992A2F9B38000A3F5F /* Config.xcconfig */ = {isa = PBXFileReference; lastKnownFileType = text.xcconfig; path = Config.xcconfig; sourceTree = "<group>"; };
		25AFADD729EE6AC100307115 /* TimerModelStateManager.swift */ = {isa = PBXFileReference; lastKnownFileType = sourcecode.swift; path = TimerModelStateManager.swift; sourceTree = "<group>"; };
		25BAF15929EE36F800FE33D8 /* DataManager.swift */ = {isa = PBXFileReference; lastKnownFileType = sourcecode.swift; path = DataManager.swift; sourceTree = "<group>"; };
		25BE3D1529DE632A00278E02 /* PopoverViewController.swift */ = {isa = PBXFileReference; lastKnownFileType = sourcecode.swift; path = PopoverViewController.swift; sourceTree = "<group>"; };
		25C3126529B5AE1E000070DF /* TimeUnit.swift */ = {isa = PBXFileReference; lastKnownFileType = sourcecode.swift; path = TimeUnit.swift; sourceTree = "<group>"; };
		25C3126729BC1750000070DF /* TimerManagerTests.swift */ = {isa = PBXFileReference; lastKnownFileType = sourcecode.swift; path = TimerManagerTests.swift; sourceTree = "<group>"; };
		25C3126929BC287F000070DF /* UnitTestProviders.swift */ = {isa = PBXFileReference; lastKnownFileType = sourcecode.swift; path = UnitTestProviders.swift; sourceTree = "<group>"; };
		25C97C8F29CC98AF001A8CAD /* main.swift */ = {isa = PBXFileReference; lastKnownFileType = sourcecode.swift; path = main.swift; sourceTree = "<group>"; };
		25C97C9229D2A2C9001A8CAD /* TimestampView.swift */ = {isa = PBXFileReference; lastKnownFileType = sourcecode.swift; path = TimestampView.swift; sourceTree = "<group>"; };
		25D7D4BC2A1BC3C300ADEDF4 /* TestData.swift */ = {isa = PBXFileReference; lastKnownFileType = sourcecode.swift; path = TestData.swift; sourceTree = "<group>"; };
		25E019242A453D7F007BF235 /* Bundle.swift */ = {isa = PBXFileReference; lastKnownFileType = sourcecode.swift; path = Bundle.swift; sourceTree = "<group>"; };
		25E0198E2A57B32F007BF235 /* IAPStoreView.swift */ = {isa = PBXFileReference; lastKnownFileType = sourcecode.swift; path = IAPStoreView.swift; sourceTree = "<group>"; };
		25E019902A57B6A6007BF235 /* IAPManager.swift */ = {isa = PBXFileReference; lastKnownFileType = sourcecode.swift; path = IAPManager.swift; sourceTree = "<group>"; };
		25E019942A58F3A2007BF235 /* StoreKit.framework */ = {isa = PBXFileReference; lastKnownFileType = wrapper.framework; name = StoreKit.framework; path = System/Library/Frameworks/StoreKit.framework; sourceTree = SDKROOT; };
		25EB6D6829A67985005BC143 /* TimerButton.swift */ = {isa = PBXFileReference; lastKnownFileType = sourcecode.swift; path = TimerButton.swift; sourceTree = "<group>"; };
		25EB6D6A29AAD45C005BC143 /* Color.swift */ = {isa = PBXFileReference; lastKnownFileType = sourcecode.swift; path = Color.swift; sourceTree = "<group>"; };
		25EB6D6E29AAE226005BC143 /* Poppins-Regular.ttf */ = {isa = PBXFileReference; lastKnownFileType = file; path = "Poppins-Regular.ttf"; sourceTree = "<group>"; };
		25EB6D7029AAE24B005BC143 /* Info.plist */ = {isa = PBXFileReference; lastKnownFileType = text.plist; path = Info.plist; sourceTree = "<group>"; };
		25EB6D7129AAE32C005BC143 /* Font.swift */ = {isa = PBXFileReference; lastKnownFileType = sourcecode.swift; path = Font.swift; sourceTree = "<group>"; };
		25EB6DAB29B027AB005BC143 /* ViewModel.swift */ = {isa = PBXFileReference; lastKnownFileType = sourcecode.swift; path = ViewModel.swift; sourceTree = "<group>"; };
		25EB6DAD29B04BC3005BC143 /* TimerManager.swift */ = {isa = PBXFileReference; lastKnownFileType = sourcecode.swift; path = TimerManager.swift; sourceTree = "<group>"; };
/* End PBXFileReference section */

/* Begin PBXFrameworksBuildPhase section */
		253816D729A5D88C007BD118 /* Frameworks */ = {
			isa = PBXFrameworksBuildPhase;
			buildActionMask = 2147483647;
			files = (
				254C4F152A38F85700217448 /* FirebaseCrashlytics in Frameworks */,
				25AF8B902A2EAA93000A3F5F /* Mixpanel in Frameworks */,
				254C4F0D2A38AD2B00217448 /* FirebaseAnalyticsWithoutAdIdSupport in Frameworks */,
				25E019952A58F3A2007BF235 /* StoreKit.framework in Frameworks */,
			);
			runOnlyForDeploymentPostprocessing = 0;
		};
		253816E829A5D88C007BD118 /* Frameworks */ = {
			isa = PBXFrameworksBuildPhase;
			buildActionMask = 2147483647;
			files = (
			);
			runOnlyForDeploymentPostprocessing = 0;
		};
		253816F229A5D88C007BD118 /* Frameworks */ = {
			isa = PBXFrameworksBuildPhase;
			buildActionMask = 2147483647;
			files = (
			);
			runOnlyForDeploymentPostprocessing = 0;
		};
/* End PBXFrameworksBuildPhase section */

/* Begin PBXGroup section */
		2507BB5529C91D95004478BE /* Views */ = {
			isa = PBXGroup;
			children = (
				25BE3D1529DE632A00278E02 /* PopoverViewController.swift */,
				253816DF29A5D88C007BD118 /* ContentView.swift */,
				2507BB4C29C91AFD004478BE /* Logo.swift */,
				25EB6D6829A67985005BC143 /* TimerButton.swift */,
				25C97C9229D2A2C9001A8CAD /* TimestampView.swift */,
				2507BB5229C91C2E004478BE /* SettingsMenu.swift */,
				2507BB5029C91BF9004478BE /* AlertView.swift */,
				2507BB4A29C805BD004478BE /* AboutView.swift */,
				2570F7342A0BDA5F0031B0BB /* RestSettingsFlow.swift */,
				2570F7492A1A34B20031B0BB /* StatisticsView.swift */,
				25E0198E2A57B32F007BF235 /* IAPStoreView.swift */,
				258D5ABB2AB12F4D005CD49F /* TimerCategoryToggle.swift */,
			);
			path = Views;
			sourceTree = "<group>";
		};
		2507BB5629C91DDB004478BE /* Utilities */ = {
			isa = PBXGroup;
			children = (
				25AF8B932A2F928C000A3F5F /* Analytics Engines */,
				2570F7482A177F160031B0BB /* Core Data */,
				25458EE029C6A69F00A118C0 /* Constants.swift */,
				25C3126529B5AE1E000070DF /* TimeUnit.swift */,
				25EB6D6A29AAD45C005BC143 /* Color.swift */,
				25EB6D7129AAE32C005BC143 /* Font.swift */,
				2507BB4629C7A77F004478BE /* SettingsKeys.swift */,
				258302ED29C36A0000D37115 /* Notifications.swift */,
				258302EB29C369E400D37115 /* Events.swift */,
				254C4F052A33C74900217448 /* AnalyticsDataType.swift */,
				25E019242A453D7F007BF235 /* Bundle.swift */,
			);
			path = Utilities;
			sourceTree = "<group>";
		};
		2507BB5729C92054004478BE /* Managers */ = {
			isa = PBXGroup;
			children = (
				25AF8B912A2EAD3C000A3F5F /* AnalyticsManager.swift */,
				258302E929C331CC00D37115 /* SettingsManager.swift */,
				258CB4C429C2E4D800812DA4 /* UserNotificationManager.swift */,
				25EB6DAD29B04BC3005BC143 /* TimerManager.swift */,
				25BAF15929EE36F800FE33D8 /* DataManager.swift */,
				25AFADD729EE6AC100307115 /* TimerModelStateManager.swift */,
				25E019902A57B6A6007BF235 /* IAPManager.swift */,
			);
			path = Managers;
			sourceTree = "<group>";
		};
		2507BB5829C92067004478BE /* Presenter Models */ = {
			isa = PBXGroup;
			children = (
				25937DB929B1B4E900A15F0B /* TimerButtonPresenterModel.swift */,
				258D5ABD2AB262C2005CD49F /* TimerCategoryTogglePresenterModel.swift */,
			);
			path = "Presenter Models";
			sourceTree = "<group>";
		};
		253816D129A5D88C007BD118 = {
			isa = PBXGroup;
			children = (
				253816DC29A5D88C007BD118 /* Hourglass */,
				253816EE29A5D88C007BD118 /* HourglassTests */,
				253816F829A5D88C007BD118 /* HourglassUITests */,
				253816DB29A5D88C007BD118 /* Products */,
				254C4F132A38F85700217448 /* Frameworks */,
			);
			sourceTree = "<group>";
		};
		253816DB29A5D88C007BD118 /* Products */ = {
			isa = PBXGroup;
			children = (
				253816DA29A5D88C007BD118 /* Hourglass.app */,
				253816EB29A5D88C007BD118 /* HourglassTests.xctest */,
				253816F529A5D88C007BD118 /* HourglassUITests.xctest */,
			);
			name = Products;
			sourceTree = "<group>";
		};
		253816DC29A5D88C007BD118 /* Hourglass */ = {
			isa = PBXGroup;
			children = (
				25AF8B992A2F9B38000A3F5F /* Config.xcconfig */,
				25EB6D7029AAE24B005BC143 /* Info.plist */,
				254C4F072A38A8C200217448 /* GoogleService-Info.plist */,
				25C97C8F29CC98AF001A8CAD /* main.swift */,
				253816DD29A5D88C007BD118 /* AppDelegate.swift */,
				25EB6DAB29B027AB005BC143 /* ViewModel.swift */,
				2507BB5529C91D95004478BE /* Views */,
				2507BB5729C92054004478BE /* Managers */,
				2507BB5829C92067004478BE /* Presenter Models */,
				2507BB5629C91DDB004478BE /* Utilities */,
				253816E129A5D88C007BD118 /* Assets.xcassets */,
				253816E629A5D88C007BD118 /* Hourglass.entitlements */,
				253816E329A5D88C007BD118 /* Preview Content */,
				25EB6D7329AAE5B9005BC143 /* Fonts */,
			);
			path = Hourglass;
			sourceTree = "<group>";
		};
		253816E329A5D88C007BD118 /* Preview Content */ = {
			isa = PBXGroup;
			children = (
				253816E429A5D88C007BD118 /* Preview Assets.xcassets */,
			);
			path = "Preview Content";
			sourceTree = "<group>";
		};
		253816EE29A5D88C007BD118 /* HourglassTests */ = {
			isa = PBXGroup;
			children = (
				253816EF29A5D88C007BD118 /* ViewModelTests.swift */,
				25C3126729BC1750000070DF /* TimerManagerTests.swift */,
				25C3126929BC287F000070DF /* UnitTestProviders.swift */,
			);
			path = HourglassTests;
			sourceTree = "<group>";
		};
		253816F829A5D88C007BD118 /* HourglassUITests */ = {
			isa = PBXGroup;
			children = (
				253816F929A5D88C007BD118 /* HourglassUITests.swift */,
			);
			path = HourglassUITests;
			sourceTree = "<group>";
		};
		254C4F132A38F85700217448 /* Frameworks */ = {
			isa = PBXGroup;
			children = (
				25E019942A58F3A2007BF235 /* StoreKit.framework */,
			);
			name = Frameworks;
			sourceTree = "<group>";
		};
		2570F7482A177F160031B0BB /* Core Data */ = {
			isa = PBXGroup;
			children = (
				2570F7362A1472160031B0BB /* TimerHistory.xcdatamodeld */,
				2570F7392A1563C70031B0BB /* CoreDataStore.swift */,
				25D7D4BC2A1BC3C300ADEDF4 /* TestData.swift */,
			);
			path = "Core Data";
			sourceTree = "<group>";
		};
		25AF8B932A2F928C000A3F5F /* Analytics Engines */ = {
			isa = PBXGroup;
			children = (
				25AF8B942A2F92BA000A3F5F /* MixpanelEngine.swift */,
				25AF8B962A2F952B000A3F5F /* StdoutEngine.swift */,
			);
			path = "Analytics Engines";
			sourceTree = "<group>";
		};
		25EB6D7329AAE5B9005BC143 /* Fonts */ = {
			isa = PBXGroup;
			children = (
				25EB6D6E29AAE226005BC143 /* Poppins-Regular.ttf */,
			);
			path = Fonts;
			sourceTree = "<group>";
		};
/* End PBXGroup section */

/* Begin PBXNativeTarget section */
		253816D929A5D88C007BD118 /* Hourglass */ = {
			isa = PBXNativeTarget;
			buildConfigurationList = 253816FF29A5D88C007BD118 /* Build configuration list for PBXNativeTarget "Hourglass" */;
			buildPhases = (
				253816D629A5D88C007BD118 /* Sources */,
				253816D729A5D88C007BD118 /* Frameworks */,
				253816D829A5D88C007BD118 /* Resources */,
				258302F229C61F6500D37115 /* Wipe macOS app sandbox user defaults */,
				254C4F0E2A38DC5400217448 /* Upload dSYMs to Crashlytics */,
			);
			buildRules = (
			);
			dependencies = (
			);
			name = Hourglass;
			packageProductDependencies = (
				25AF8B8F2A2EAA93000A3F5F /* Mixpanel */,
				254C4F0C2A38AD2B00217448 /* FirebaseAnalyticsWithoutAdIdSupport */,
				254C4F142A38F85700217448 /* FirebaseCrashlytics */,
			);
			productName = Hourglass;
			productReference = 253816DA29A5D88C007BD118 /* Hourglass.app */;
			productType = "com.apple.product-type.application";
		};
		253816EA29A5D88C007BD118 /* HourglassTests */ = {
			isa = PBXNativeTarget;
			buildConfigurationList = 2538170229A5D88C007BD118 /* Build configuration list for PBXNativeTarget "HourglassTests" */;
			buildPhases = (
				253816E729A5D88C007BD118 /* Sources */,
				253816E829A5D88C007BD118 /* Frameworks */,
				253816E929A5D88C007BD118 /* Resources */,
			);
			buildRules = (
			);
			dependencies = (
				253816ED29A5D88C007BD118 /* PBXTargetDependency */,
			);
			name = HourglassTests;
			productName = HourglassTests;
			productReference = 253816EB29A5D88C007BD118 /* HourglassTests.xctest */;
			productType = "com.apple.product-type.bundle.unit-test";
		};
		253816F429A5D88C007BD118 /* HourglassUITests */ = {
			isa = PBXNativeTarget;
			buildConfigurationList = 2538170529A5D88C007BD118 /* Build configuration list for PBXNativeTarget "HourglassUITests" */;
			buildPhases = (
				253816F129A5D88C007BD118 /* Sources */,
				253816F229A5D88C007BD118 /* Frameworks */,
				253816F329A5D88C007BD118 /* Resources */,
			);
			buildRules = (
			);
			dependencies = (
				253816F729A5D88C007BD118 /* PBXTargetDependency */,
			);
			name = HourglassUITests;
			productName = HourglassUITests;
			productReference = 253816F529A5D88C007BD118 /* HourglassUITests.xctest */;
			productType = "com.apple.product-type.bundle.ui-testing";
		};
/* End PBXNativeTarget section */

/* Begin PBXProject section */
		253816D229A5D88C007BD118 /* Project object */ = {
			isa = PBXProject;
			attributes = {
				BuildIndependentTargetsInParallel = 1;
				LastSwiftUpdateCheck = 1420;
				LastUpgradeCheck = 1430;
				TargetAttributes = {
					253816D929A5D88C007BD118 = {
						CreatedOnToolsVersion = 14.2;
					};
					253816EA29A5D88C007BD118 = {
						CreatedOnToolsVersion = 14.2;
						TestTargetID = 253816D929A5D88C007BD118;
					};
					253816F429A5D88C007BD118 = {
						CreatedOnToolsVersion = 14.2;
						TestTargetID = 253816D929A5D88C007BD118;
					};
				};
			};
			buildConfigurationList = 253816D529A5D88C007BD118 /* Build configuration list for PBXProject "Hourglass" */;
			compatibilityVersion = "Xcode 14.0";
			developmentRegion = en;
			hasScannedForEncodings = 0;
			knownRegions = (
				en,
				Base,
			);
			mainGroup = 253816D129A5D88C007BD118;
			packageReferences = (
				25AF8B8E2A2EAA93000A3F5F /* XCRemoteSwiftPackageReference "mixpanel-swift" */,
				254C4F0B2A38AD2B00217448 /* XCRemoteSwiftPackageReference "firebase-ios-sdk" */,
			);
			productRefGroup = 253816DB29A5D88C007BD118 /* Products */;
			projectDirPath = "";
			projectRoot = "";
			targets = (
				253816D929A5D88C007BD118 /* Hourglass */,
				253816EA29A5D88C007BD118 /* HourglassTests */,
				253816F429A5D88C007BD118 /* HourglassUITests */,
			);
		};
/* End PBXProject section */

/* Begin PBXResourcesBuildPhase section */
		253816D829A5D88C007BD118 /* Resources */ = {
			isa = PBXResourcesBuildPhase;
			buildActionMask = 2147483647;
			files = (
				25EB6D6F29AAE226005BC143 /* Poppins-Regular.ttf in Resources */,
				254C4F082A38A8C200217448 /* GoogleService-Info.plist in Resources */,
				253816E529A5D88C007BD118 /* Preview Assets.xcassets in Resources */,
				253816E229A5D88C007BD118 /* Assets.xcassets in Resources */,
			);
			runOnlyForDeploymentPostprocessing = 0;
		};
		253816E929A5D88C007BD118 /* Resources */ = {
			isa = PBXResourcesBuildPhase;
			buildActionMask = 2147483647;
			files = (
				254C4F092A38A8C200217448 /* GoogleService-Info.plist in Resources */,
			);
			runOnlyForDeploymentPostprocessing = 0;
		};
		253816F329A5D88C007BD118 /* Resources */ = {
			isa = PBXResourcesBuildPhase;
			buildActionMask = 2147483647;
			files = (
				254C4F0A2A38A8C200217448 /* GoogleService-Info.plist in Resources */,
			);
			runOnlyForDeploymentPostprocessing = 0;
		};
/* End PBXResourcesBuildPhase section */

/* Begin PBXShellScriptBuildPhase section */
		254C4F0E2A38DC5400217448 /* Upload dSYMs to Crashlytics */ = {
			isa = PBXShellScriptBuildPhase;
			alwaysOutOfDate = 1;
			buildActionMask = 2147483647;
			files = (
			);
			inputFileListPaths = (
			);
			inputPaths = (
				"${DWARF_DSYM_FOLDER_PATH}/${DWARF_DSYM_FILE_NAME}/Contents/Resources/DWARF/${TARGET_NAME}",
				"$(SRCROOT)/$(BUILT_PRODUCTS_DIR)/$(INFOPLIST_PATH)",
			);
			name = "Upload dSYMs to Crashlytics";
			outputFileListPaths = (
			);
			outputPaths = (
			);
			runOnlyForDeploymentPostprocessing = 0;
			shellPath = /bin/sh;
			shellScript = "\"${BUILD_DIR%/Build/*}/SourcePackages/checkouts/firebase-ios-sdk/Crashlytics/run\"\n";
		};
		258302F229C61F6500D37115 /* Wipe macOS app sandbox user defaults */ = {
			isa = PBXShellScriptBuildPhase;
			alwaysOutOfDate = 1;
			buildActionMask = 2147483647;
			files = (
			);
			inputFileListPaths = (
			);
			inputPaths = (
			);
			name = "Wipe macOS app sandbox user defaults";
			outputFileListPaths = (
			);
			outputPaths = (
			);
			runOnlyForDeploymentPostprocessing = 0;
			shellPath = /bin/sh;
			shellScript = "defaults delete \\\n~/Library/Containers/com.madebyisiah.hourglass/Data/Library/Preferences/com.madebyisiah.Hourglass\nexit 0\n";
		};
/* End PBXShellScriptBuildPhase section */

/* Begin PBXSourcesBuildPhase section */
		253816D629A5D88C007BD118 /* Sources */ = {
			isa = PBXSourcesBuildPhase;
			buildActionMask = 2147483647;
			files = (
				2507BB4B29C805BD004478BE /* AboutView.swift in Sources */,
				25AF8B972A2F952C000A3F5F /* StdoutEngine.swift in Sources */,
				25BAF15A29EE36F900FE33D8 /* DataManager.swift in Sources */,
				258302EC29C369E400D37115 /* Events.swift in Sources */,
				25AF8B952A2F92BA000A3F5F /* MixpanelEngine.swift in Sources */,
				25D7D4BD2A1BC3C300ADEDF4 /* TestData.swift in Sources */,
				25EB6D6929A67985005BC143 /* TimerButton.swift in Sources */,
				25EB6D6B29AAD45C005BC143 /* Color.swift in Sources */,
				25E019252A453D7F007BF235 /* Bundle.swift in Sources */,
				25EB6D7229AAE32C005BC143 /* Font.swift in Sources */,
				2570F74A2A1A34B20031B0BB /* StatisticsView.swift in Sources */,
				2507BB5129C91BF9004478BE /* AlertView.swift in Sources */,
				253816E029A5D88C007BD118 /* ContentView.swift in Sources */,
				258302EE29C36A0000D37115 /* Notifications.swift in Sources */,
				25C97C9029CC98AF001A8CAD /* main.swift in Sources */,
				25EB6DAC29B027AB005BC143 /* ViewModel.swift in Sources */,
				25AFADD829EE6AC100307115 /* TimerModelStateManager.swift in Sources */,
				25937DBA29B1B4E900A15F0B /* TimerButtonPresenterModel.swift in Sources */,
				2570F73A2A1563C70031B0BB /* CoreDataStore.swift in Sources */,
				25E019912A57B6A6007BF235 /* IAPManager.swift in Sources */,
				258D5ABC2AB12F4D005CD49F /* TimerCategoryToggle.swift in Sources */,
				25C3126629B5AE1E000070DF /* TimeUnit.swift in Sources */,
				25C97C9329D2A2C9001A8CAD /* TimestampView.swift in Sources */,
				25AF8B922A2EAD3C000A3F5F /* AnalyticsManager.swift in Sources */,
				2507BB5329C91C2E004478BE /* SettingsMenu.swift in Sources */,
				25BE3D1629DE632A00278E02 /* PopoverViewController.swift in Sources */,
				258CB4C529C2E4D800812DA4 /* UserNotificationManager.swift in Sources */,
				2507BB4D29C91AFD004478BE /* Logo.swift in Sources */,
				2570F7352A0BDA5F0031B0BB /* RestSettingsFlow.swift in Sources */,
				258302EA29C331CC00D37115 /* SettingsManager.swift in Sources */,
				2570F7382A1472160031B0BB /* TimerHistory.xcdatamodeld in Sources */,
				258D5ABE2AB262C2005CD49F /* TimerCategoryTogglePresenterModel.swift in Sources */,
				2507BB4729C7A77F004478BE /* SettingsKeys.swift in Sources */,
				254C4F062A33C74900217448 /* AnalyticsDataType.swift in Sources */,
				25458EE129C6A69F00A118C0 /* Constants.swift in Sources */,
				25EB6DAE29B04BC3005BC143 /* TimerManager.swift in Sources */,
				25E0198F2A57B32F007BF235 /* IAPStoreView.swift in Sources */,
				253816DE29A5D88C007BD118 /* AppDelegate.swift in Sources */,
			);
			runOnlyForDeploymentPostprocessing = 0;
		};
		253816E729A5D88C007BD118 /* Sources */ = {
			isa = PBXSourcesBuildPhase;
			buildActionMask = 2147483647;
			files = (
				25C3126A29BC287F000070DF /* UnitTestProviders.swift in Sources */,
				253816F029A5D88C007BD118 /* ViewModelTests.swift in Sources */,
				25C3126829BC1750000070DF /* TimerManagerTests.swift in Sources */,
			);
			runOnlyForDeploymentPostprocessing = 0;
		};
		253816F129A5D88C007BD118 /* Sources */ = {
			isa = PBXSourcesBuildPhase;
			buildActionMask = 2147483647;
			files = (
				2507BB5929C925FF004478BE /* SettingsKeys.swift in Sources */,
				253816FA29A5D88C007BD118 /* HourglassUITests.swift in Sources */,
			);
			runOnlyForDeploymentPostprocessing = 0;
		};
/* End PBXSourcesBuildPhase section */

/* Begin PBXTargetDependency section */
		253816ED29A5D88C007BD118 /* PBXTargetDependency */ = {
			isa = PBXTargetDependency;
			target = 253816D929A5D88C007BD118 /* Hourglass */;
			targetProxy = 253816EC29A5D88C007BD118 /* PBXContainerItemProxy */;
		};
		253816F729A5D88C007BD118 /* PBXTargetDependency */ = {
			isa = PBXTargetDependency;
			target = 253816D929A5D88C007BD118 /* Hourglass */;
			targetProxy = 253816F629A5D88C007BD118 /* PBXContainerItemProxy */;
		};
/* End PBXTargetDependency section */

/* Begin XCBuildConfiguration section */
		253816FD29A5D88C007BD118 /* Debug */ = {
			isa = XCBuildConfiguration;
			baseConfigurationReference = 25AF8B992A2F9B38000A3F5F /* Config.xcconfig */;
			buildSettings = {
				ALWAYS_SEARCH_USER_PATHS = NO;
				CLANG_ANALYZER_NONNULL = YES;
				CLANG_ANALYZER_NUMBER_OBJECT_CONVERSION = YES_AGGRESSIVE;
				CLANG_CXX_LANGUAGE_STANDARD = "gnu++20";
				CLANG_ENABLE_MODULES = YES;
				CLANG_ENABLE_OBJC_ARC = YES;
				CLANG_ENABLE_OBJC_WEAK = YES;
				CLANG_WARN_BLOCK_CAPTURE_AUTORELEASING = YES;
				CLANG_WARN_BOOL_CONVERSION = YES;
				CLANG_WARN_COMMA = YES;
				CLANG_WARN_CONSTANT_CONVERSION = YES;
				CLANG_WARN_DEPRECATED_OBJC_IMPLEMENTATIONS = YES;
				CLANG_WARN_DIRECT_OBJC_ISA_USAGE = YES_ERROR;
				CLANG_WARN_DOCUMENTATION_COMMENTS = YES;
				CLANG_WARN_EMPTY_BODY = YES;
				CLANG_WARN_ENUM_CONVERSION = YES;
				CLANG_WARN_INFINITE_RECURSION = YES;
				CLANG_WARN_INT_CONVERSION = YES;
				CLANG_WARN_NON_LITERAL_NULL_CONVERSION = YES;
				CLANG_WARN_OBJC_IMPLICIT_RETAIN_SELF = YES;
				CLANG_WARN_OBJC_LITERAL_CONVERSION = YES;
				CLANG_WARN_OBJC_ROOT_CLASS = YES_ERROR;
				CLANG_WARN_QUOTED_INCLUDE_IN_FRAMEWORK_HEADER = YES;
				CLANG_WARN_RANGE_LOOP_ANALYSIS = YES;
				CLANG_WARN_STRICT_PROTOTYPES = YES;
				CLANG_WARN_SUSPICIOUS_MOVE = YES;
				CLANG_WARN_UNGUARDED_AVAILABILITY = YES_AGGRESSIVE;
				CLANG_WARN_UNREACHABLE_CODE = YES;
				CLANG_WARN__DUPLICATE_METHOD_MATCH = YES;
				COPY_PHASE_STRIP = NO;
				DEAD_CODE_STRIPPING = YES;
				DEBUG_INFORMATION_FORMAT = "dwarf-with-dsym";
				ENABLE_STRICT_OBJC_MSGSEND = YES;
				ENABLE_TESTABILITY = YES;
				GCC_C_LANGUAGE_STANDARD = gnu11;
				GCC_DYNAMIC_NO_PIC = NO;
				GCC_NO_COMMON_BLOCKS = YES;
				GCC_OPTIMIZATION_LEVEL = 0;
				GCC_PREPROCESSOR_DEFINITIONS = (
					"DEBUG=1",
					"$(inherited)",
				);
				GCC_WARN_64_TO_32_BIT_CONVERSION = YES;
				GCC_WARN_ABOUT_RETURN_TYPE = YES_ERROR;
				GCC_WARN_UNDECLARED_SELECTOR = YES;
				GCC_WARN_UNINITIALIZED_AUTOS = YES_AGGRESSIVE;
				GCC_WARN_UNUSED_FUNCTION = YES;
				GCC_WARN_UNUSED_VARIABLE = YES;
				MACOSX_DEPLOYMENT_TARGET = 13.3;
				MTL_ENABLE_DEBUG_INFO = INCLUDE_SOURCE;
				MTL_FAST_MATH = YES;
				ONLY_ACTIVE_ARCH = YES;
				SDKROOT = macosx;
				SWIFT_ACTIVE_COMPILATION_CONDITIONS = DEBUG;
				SWIFT_OPTIMIZATION_LEVEL = "-Onone";
			};
			name = Debug;
		};
		253816FE29A5D88C007BD118 /* Release */ = {
			isa = XCBuildConfiguration;
			baseConfigurationReference = 25AF8B992A2F9B38000A3F5F /* Config.xcconfig */;
			buildSettings = {
				ALWAYS_SEARCH_USER_PATHS = NO;
				CLANG_ANALYZER_NONNULL = YES;
				CLANG_ANALYZER_NUMBER_OBJECT_CONVERSION = YES_AGGRESSIVE;
				CLANG_CXX_LANGUAGE_STANDARD = "gnu++20";
				CLANG_ENABLE_MODULES = YES;
				CLANG_ENABLE_OBJC_ARC = YES;
				CLANG_ENABLE_OBJC_WEAK = YES;
				CLANG_WARN_BLOCK_CAPTURE_AUTORELEASING = YES;
				CLANG_WARN_BOOL_CONVERSION = YES;
				CLANG_WARN_COMMA = YES;
				CLANG_WARN_CONSTANT_CONVERSION = YES;
				CLANG_WARN_DEPRECATED_OBJC_IMPLEMENTATIONS = YES;
				CLANG_WARN_DIRECT_OBJC_ISA_USAGE = YES_ERROR;
				CLANG_WARN_DOCUMENTATION_COMMENTS = YES;
				CLANG_WARN_EMPTY_BODY = YES;
				CLANG_WARN_ENUM_CONVERSION = YES;
				CLANG_WARN_INFINITE_RECURSION = YES;
				CLANG_WARN_INT_CONVERSION = YES;
				CLANG_WARN_NON_LITERAL_NULL_CONVERSION = YES;
				CLANG_WARN_OBJC_IMPLICIT_RETAIN_SELF = YES;
				CLANG_WARN_OBJC_LITERAL_CONVERSION = YES;
				CLANG_WARN_OBJC_ROOT_CLASS = YES_ERROR;
				CLANG_WARN_QUOTED_INCLUDE_IN_FRAMEWORK_HEADER = YES;
				CLANG_WARN_RANGE_LOOP_ANALYSIS = YES;
				CLANG_WARN_STRICT_PROTOTYPES = YES;
				CLANG_WARN_SUSPICIOUS_MOVE = YES;
				CLANG_WARN_UNGUARDED_AVAILABILITY = YES_AGGRESSIVE;
				CLANG_WARN_UNREACHABLE_CODE = YES;
				CLANG_WARN__DUPLICATE_METHOD_MATCH = YES;
				COPY_PHASE_STRIP = NO;
				DEAD_CODE_STRIPPING = YES;
				DEBUG_INFORMATION_FORMAT = "dwarf-with-dsym";
				ENABLE_NS_ASSERTIONS = NO;
				ENABLE_STRICT_OBJC_MSGSEND = YES;
				GCC_C_LANGUAGE_STANDARD = gnu11;
				GCC_NO_COMMON_BLOCKS = YES;
				GCC_WARN_64_TO_32_BIT_CONVERSION = YES;
				GCC_WARN_ABOUT_RETURN_TYPE = YES_ERROR;
				GCC_WARN_UNDECLARED_SELECTOR = YES;
				GCC_WARN_UNINITIALIZED_AUTOS = YES_AGGRESSIVE;
				GCC_WARN_UNUSED_FUNCTION = YES;
				GCC_WARN_UNUSED_VARIABLE = YES;
				MACOSX_DEPLOYMENT_TARGET = 13.3;
				MTL_ENABLE_DEBUG_INFO = NO;
				MTL_FAST_MATH = YES;
				SDKROOT = macosx;
				SWIFT_ACTIVE_COMPILATION_CONDITIONS = RELEASE;
				SWIFT_COMPILATION_MODE = wholemodule;
				SWIFT_OPTIMIZATION_LEVEL = "-O";
			};
			name = Release;
		};
		2538170029A5D88C007BD118 /* Debug */ = {
			isa = XCBuildConfiguration;
			buildSettings = {
				ASSETCATALOG_COMPILER_APPICON_NAME = AppIcon;
				ASSETCATALOG_COMPILER_GLOBAL_ACCENT_COLOR_NAME = AccentColor;
				ASSETCATALOG_COMPILER_INCLUDE_ALL_APPICON_ASSETS = YES;
				CODE_SIGN_ENTITLEMENTS = Hourglass/Hourglass.entitlements;
				CODE_SIGN_STYLE = Automatic;
				COMBINE_HIDPI_IMAGES = YES;
				CURRENT_PROJECT_VERSION = 1;
				DEAD_CODE_STRIPPING = YES;
				DEVELOPMENT_ASSET_PATHS = "\"Hourglass/Preview Content\"";
				ENABLE_PREVIEWS = YES;
				GENERATE_INFOPLIST_FILE = YES;
				INFOPLIST_FILE = Hourglass/Info.plist;
				INFOPLIST_KEY_LSApplicationCategoryType = "public.app-category.productivity";
				INFOPLIST_KEY_NSHumanReadableCopyright = "";
				LD_RUNPATH_SEARCH_PATHS = (
					"$(inherited)",
					"@executable_path/../Frameworks",
				);
				MARKETING_VERSION = 1.1.0;
				PRODUCT_BUNDLE_IDENTIFIER = com.madebyisiah.Hourglass;
				PRODUCT_NAME = "$(TARGET_NAME)";
				SWIFT_EMIT_LOC_STRINGS = YES;
				SWIFT_VERSION = 5.0;
			};
			name = Debug;
		};
		2538170129A5D88C007BD118 /* Release */ = {
			isa = XCBuildConfiguration;
			buildSettings = {
				ASSETCATALOG_COMPILER_APPICON_NAME = AppIcon;
				ASSETCATALOG_COMPILER_GLOBAL_ACCENT_COLOR_NAME = AccentColor;
				ASSETCATALOG_COMPILER_INCLUDE_ALL_APPICON_ASSETS = YES;
				CODE_SIGN_ENTITLEMENTS = Hourglass/Hourglass.entitlements;
				CODE_SIGN_STYLE = Automatic;
				COMBINE_HIDPI_IMAGES = YES;
				CURRENT_PROJECT_VERSION = 1;
				DEAD_CODE_STRIPPING = YES;
				DEVELOPMENT_ASSET_PATHS = "\"Hourglass/Preview Content\"";
				ENABLE_PREVIEWS = YES;
				GENERATE_INFOPLIST_FILE = YES;
				INFOPLIST_FILE = Hourglass/Info.plist;
				INFOPLIST_KEY_LSApplicationCategoryType = "public.app-category.productivity";
				INFOPLIST_KEY_NSHumanReadableCopyright = "";
				LD_RUNPATH_SEARCH_PATHS = (
					"$(inherited)",
					"@executable_path/../Frameworks",
				);
				MARKETING_VERSION = 1.1.0;
				PRODUCT_BUNDLE_IDENTIFIER = com.madebyisiah.Hourglass;
				PRODUCT_NAME = "$(TARGET_NAME)";
				SWIFT_EMIT_LOC_STRINGS = YES;
				SWIFT_VERSION = 5.0;
			};
			name = Release;
		};
		2538170329A5D88C007BD118 /* Debug */ = {
			isa = XCBuildConfiguration;
			buildSettings = {
				ALWAYS_EMBED_SWIFT_STANDARD_LIBRARIES = YES;
				BUNDLE_LOADER = "$(TEST_HOST)";
				CODE_SIGN_STYLE = Automatic;
				CURRENT_PROJECT_VERSION = 1;
				DEAD_CODE_STRIPPING = YES;
				GENERATE_INFOPLIST_FILE = YES;
				MARKETING_VERSION = 1.0;
				PRODUCT_BUNDLE_IDENTIFIER = com.madebyisiah.HourglassTests;
				PRODUCT_NAME = "$(TARGET_NAME)";
				SWIFT_EMIT_LOC_STRINGS = NO;
				SWIFT_VERSION = 5.0;
				TEST_HOST = "$(BUILT_PRODUCTS_DIR)/Hourglass.app/$(BUNDLE_EXECUTABLE_FOLDER_PATH)/Hourglass";
			};
			name = Debug;
		};
		2538170429A5D88C007BD118 /* Release */ = {
			isa = XCBuildConfiguration;
			buildSettings = {
				ALWAYS_EMBED_SWIFT_STANDARD_LIBRARIES = YES;
				BUNDLE_LOADER = "$(TEST_HOST)";
				CODE_SIGN_STYLE = Automatic;
				CURRENT_PROJECT_VERSION = 1;
				DEAD_CODE_STRIPPING = YES;
				GENERATE_INFOPLIST_FILE = YES;
				MARKETING_VERSION = 1.0;
				PRODUCT_BUNDLE_IDENTIFIER = com.madebyisiah.HourglassTests;
				PRODUCT_NAME = "$(TARGET_NAME)";
				SWIFT_EMIT_LOC_STRINGS = NO;
				SWIFT_VERSION = 5.0;
				TEST_HOST = "$(BUILT_PRODUCTS_DIR)/Hourglass.app/$(BUNDLE_EXECUTABLE_FOLDER_PATH)/Hourglass";
			};
			name = Release;
		};
		2538170629A5D88C007BD118 /* Debug */ = {
			isa = XCBuildConfiguration;
			buildSettings = {
				ALWAYS_EMBED_SWIFT_STANDARD_LIBRARIES = YES;
				CODE_SIGN_STYLE = Automatic;
				CURRENT_PROJECT_VERSION = 1;
				DEAD_CODE_STRIPPING = YES;
				GENERATE_INFOPLIST_FILE = YES;
				MARKETING_VERSION = 1.0;
				PRODUCT_BUNDLE_IDENTIFIER = com.madebyisiah.HourglassUITests;
				PRODUCT_NAME = "$(TARGET_NAME)";
				SWIFT_EMIT_LOC_STRINGS = NO;
				SWIFT_VERSION = 5.0;
				TEST_TARGET_NAME = Hourglass;
			};
			name = Debug;
		};
		2538170729A5D88C007BD118 /* Release */ = {
			isa = XCBuildConfiguration;
			buildSettings = {
				ALWAYS_EMBED_SWIFT_STANDARD_LIBRARIES = YES;
				CODE_SIGN_STYLE = Automatic;
				CURRENT_PROJECT_VERSION = 1;
				DEAD_CODE_STRIPPING = YES;
				GENERATE_INFOPLIST_FILE = YES;
				MARKETING_VERSION = 1.0;
				PRODUCT_BUNDLE_IDENTIFIER = com.madebyisiah.HourglassUITests;
				PRODUCT_NAME = "$(TARGET_NAME)";
				SWIFT_EMIT_LOC_STRINGS = NO;
				SWIFT_VERSION = 5.0;
				TEST_TARGET_NAME = Hourglass;
			};
			name = Release;
		};
		257053BA29BF76720074A144 /* CITesting */ = {
			isa = XCBuildConfiguration;
			baseConfigurationReference = 25AF8B992A2F9B38000A3F5F /* Config.xcconfig */;
			buildSettings = {
				ALWAYS_SEARCH_USER_PATHS = NO;
				CLANG_ANALYZER_NONNULL = YES;
				CLANG_ANALYZER_NUMBER_OBJECT_CONVERSION = YES_AGGRESSIVE;
				CLANG_CXX_LANGUAGE_STANDARD = "gnu++20";
				CLANG_ENABLE_MODULES = YES;
				CLANG_ENABLE_OBJC_ARC = YES;
				CLANG_ENABLE_OBJC_WEAK = YES;
				CLANG_WARN_BLOCK_CAPTURE_AUTORELEASING = YES;
				CLANG_WARN_BOOL_CONVERSION = YES;
				CLANG_WARN_COMMA = YES;
				CLANG_WARN_CONSTANT_CONVERSION = YES;
				CLANG_WARN_DEPRECATED_OBJC_IMPLEMENTATIONS = YES;
				CLANG_WARN_DIRECT_OBJC_ISA_USAGE = YES_ERROR;
				CLANG_WARN_DOCUMENTATION_COMMENTS = YES;
				CLANG_WARN_EMPTY_BODY = YES;
				CLANG_WARN_ENUM_CONVERSION = YES;
				CLANG_WARN_INFINITE_RECURSION = YES;
				CLANG_WARN_INT_CONVERSION = YES;
				CLANG_WARN_NON_LITERAL_NULL_CONVERSION = YES;
				CLANG_WARN_OBJC_IMPLICIT_RETAIN_SELF = YES;
				CLANG_WARN_OBJC_LITERAL_CONVERSION = YES;
				CLANG_WARN_OBJC_ROOT_CLASS = YES_ERROR;
				CLANG_WARN_QUOTED_INCLUDE_IN_FRAMEWORK_HEADER = YES;
				CLANG_WARN_RANGE_LOOP_ANALYSIS = YES;
				CLANG_WARN_STRICT_PROTOTYPES = YES;
				CLANG_WARN_SUSPICIOUS_MOVE = YES;
				CLANG_WARN_UNGUARDED_AVAILABILITY = YES_AGGRESSIVE;
				CLANG_WARN_UNREACHABLE_CODE = YES;
				CLANG_WARN__DUPLICATE_METHOD_MATCH = YES;
				COPY_PHASE_STRIP = NO;
				DEAD_CODE_STRIPPING = YES;
				DEBUG_INFORMATION_FORMAT = "dwarf-with-dsym";
				ENABLE_STRICT_OBJC_MSGSEND = YES;
				ENABLE_TESTABILITY = YES;
				GCC_C_LANGUAGE_STANDARD = gnu11;
				GCC_DYNAMIC_NO_PIC = NO;
				GCC_NO_COMMON_BLOCKS = YES;
				GCC_OPTIMIZATION_LEVEL = 0;
				GCC_PREPROCESSOR_DEFINITIONS = (
					"DEBUG=1",
					"$(inherited)",
				);
				GCC_WARN_64_TO_32_BIT_CONVERSION = YES;
				GCC_WARN_ABOUT_RETURN_TYPE = YES_ERROR;
				GCC_WARN_UNDECLARED_SELECTOR = YES;
				GCC_WARN_UNINITIALIZED_AUTOS = YES_AGGRESSIVE;
				GCC_WARN_UNUSED_FUNCTION = YES;
				GCC_WARN_UNUSED_VARIABLE = YES;
				MACOSX_DEPLOYMENT_TARGET = 13.3;
				MTL_ENABLE_DEBUG_INFO = INCLUDE_SOURCE;
				MTL_FAST_MATH = YES;
				ONLY_ACTIVE_ARCH = YES;
				SDKROOT = macosx;
				SWIFT_ACTIVE_COMPILATION_CONDITIONS = CITESTING;
				SWIFT_OPTIMIZATION_LEVEL = "-Onone";
			};
			name = CITesting;
		};
		257053BB29BF76720074A144 /* CITesting */ = {
			isa = XCBuildConfiguration;
			buildSettings = {
				ASSETCATALOG_COMPILER_APPICON_NAME = AppIcon;
				ASSETCATALOG_COMPILER_GLOBAL_ACCENT_COLOR_NAME = AccentColor;
				ASSETCATALOG_COMPILER_INCLUDE_ALL_APPICON_ASSETS = YES;
				CODE_SIGN_ENTITLEMENTS = Hourglass/Hourglass.entitlements;
				CODE_SIGN_STYLE = Automatic;
				COMBINE_HIDPI_IMAGES = YES;
				CURRENT_PROJECT_VERSION = 1;
				DEAD_CODE_STRIPPING = YES;
				DEVELOPMENT_ASSET_PATHS = "\"Hourglass/Preview Content\"";
				ENABLE_PREVIEWS = YES;
				GENERATE_INFOPLIST_FILE = YES;
				INFOPLIST_FILE = Hourglass/Info.plist;
				INFOPLIST_KEY_LSApplicationCategoryType = "public.app-category.productivity";
				INFOPLIST_KEY_NSHumanReadableCopyright = "";
				LD_RUNPATH_SEARCH_PATHS = (
					"$(inherited)",
					"@executable_path/../Frameworks",
				);
				MARKETING_VERSION = 1.1.0;
				PRODUCT_BUNDLE_IDENTIFIER = com.madebyisiah.Hourglass;
				PRODUCT_NAME = "$(TARGET_NAME)";
				SWIFT_EMIT_LOC_STRINGS = YES;
				SWIFT_VERSION = 5.0;
			};
			name = CITesting;
		};
		257053BC29BF76720074A144 /* CITesting */ = {
			isa = XCBuildConfiguration;
			buildSettings = {
				ALWAYS_EMBED_SWIFT_STANDARD_LIBRARIES = YES;
				BUNDLE_LOADER = "$(TEST_HOST)";
				CODE_SIGN_STYLE = Automatic;
				CURRENT_PROJECT_VERSION = 1;
				DEAD_CODE_STRIPPING = YES;
				GENERATE_INFOPLIST_FILE = YES;
				MARKETING_VERSION = 1.0;
				PRODUCT_BUNDLE_IDENTIFIER = com.madebyisiah.HourglassTests;
				PRODUCT_NAME = "$(TARGET_NAME)";
				SWIFT_EMIT_LOC_STRINGS = NO;
				SWIFT_VERSION = 5.0;
				TEST_HOST = "$(BUILT_PRODUCTS_DIR)/Hourglass.app/$(BUNDLE_EXECUTABLE_FOLDER_PATH)/Hourglass";
			};
			name = CITesting;
		};
		257053BD29BF76720074A144 /* CITesting */ = {
			isa = XCBuildConfiguration;
			buildSettings = {
				ALWAYS_EMBED_SWIFT_STANDARD_LIBRARIES = YES;
				CODE_SIGN_STYLE = Automatic;
				CURRENT_PROJECT_VERSION = 1;
				DEAD_CODE_STRIPPING = YES;
				GENERATE_INFOPLIST_FILE = YES;
				MARKETING_VERSION = 1.0;
				PRODUCT_BUNDLE_IDENTIFIER = com.madebyisiah.HourglassUITests;
				PRODUCT_NAME = "$(TARGET_NAME)";
				SWIFT_EMIT_LOC_STRINGS = NO;
				SWIFT_VERSION = 5.0;
				TEST_TARGET_NAME = Hourglass;
			};
			name = CITesting;
		};
/* End XCBuildConfiguration section */

/* Begin XCConfigurationList section */
		253816D529A5D88C007BD118 /* Build configuration list for PBXProject "Hourglass" */ = {
			isa = XCConfigurationList;
			buildConfigurations = (
				253816FD29A5D88C007BD118 /* Debug */,
				257053BA29BF76720074A144 /* CITesting */,
				253816FE29A5D88C007BD118 /* Release */,
			);
			defaultConfigurationIsVisible = 0;
			defaultConfigurationName = Release;
		};
		253816FF29A5D88C007BD118 /* Build configuration list for PBXNativeTarget "Hourglass" */ = {
			isa = XCConfigurationList;
			buildConfigurations = (
				2538170029A5D88C007BD118 /* Debug */,
				257053BB29BF76720074A144 /* CITesting */,
				2538170129A5D88C007BD118 /* Release */,
			);
			defaultConfigurationIsVisible = 0;
			defaultConfigurationName = Release;
		};
		2538170229A5D88C007BD118 /* Build configuration list for PBXNativeTarget "HourglassTests" */ = {
			isa = XCConfigurationList;
			buildConfigurations = (
				2538170329A5D88C007BD118 /* Debug */,
				257053BC29BF76720074A144 /* CITesting */,
				2538170429A5D88C007BD118 /* Release */,
			);
			defaultConfigurationIsVisible = 0;
			defaultConfigurationName = Release;
		};
		2538170529A5D88C007BD118 /* Build configuration list for PBXNativeTarget "HourglassUITests" */ = {
			isa = XCConfigurationList;
			buildConfigurations = (
				2538170629A5D88C007BD118 /* Debug */,
				257053BD29BF76720074A144 /* CITesting */,
				2538170729A5D88C007BD118 /* Release */,
			);
			defaultConfigurationIsVisible = 0;
			defaultConfigurationName = Release;
		};
/* End XCConfigurationList section */

/* Begin XCRemoteSwiftPackageReference section */
		254C4F0B2A38AD2B00217448 /* XCRemoteSwiftPackageReference "firebase-ios-sdk" */ = {
			isa = XCRemoteSwiftPackageReference;
			repositoryURL = "https://github.com/firebase/firebase-ios-sdk";
			requirement = {
				kind = upToNextMajorVersion;
				minimumVersion = 10.0.0;
			};
		};
		25AF8B8E2A2EAA93000A3F5F /* XCRemoteSwiftPackageReference "mixpanel-swift" */ = {
			isa = XCRemoteSwiftPackageReference;
			repositoryURL = "https://github.com/mixpanel/mixpanel-swift";
			requirement = {
				kind = upToNextMajorVersion;
				minimumVersion = 4.0.0;
			};
		};
/* End XCRemoteSwiftPackageReference section */

/* Begin XCSwiftPackageProductDependency section */
		254C4F0C2A38AD2B00217448 /* FirebaseAnalyticsWithoutAdIdSupport */ = {
			isa = XCSwiftPackageProductDependency;
			package = 254C4F0B2A38AD2B00217448 /* XCRemoteSwiftPackageReference "firebase-ios-sdk" */;
			productName = FirebaseAnalyticsWithoutAdIdSupport;
		};
		254C4F142A38F85700217448 /* FirebaseCrashlytics */ = {
			isa = XCSwiftPackageProductDependency;
			package = 254C4F0B2A38AD2B00217448 /* XCRemoteSwiftPackageReference "firebase-ios-sdk" */;
			productName = FirebaseCrashlytics;
		};
		25AF8B8F2A2EAA93000A3F5F /* Mixpanel */ = {
			isa = XCSwiftPackageProductDependency;
			package = 25AF8B8E2A2EAA93000A3F5F /* XCRemoteSwiftPackageReference "mixpanel-swift" */;
			productName = Mixpanel;
		};
/* End XCSwiftPackageProductDependency section */

/* Begin XCVersionGroup section */
		2570F7362A1472160031B0BB /* TimerHistory.xcdatamodeld */ = {
			isa = XCVersionGroup;
			children = (
				2570F7372A1472160031B0BB /* TimerHistory.xcdatamodel */,
			);
			currentVersion = 2570F7372A1472160031B0BB /* TimerHistory.xcdatamodel */;
			path = TimerHistory.xcdatamodeld;
			sourceTree = "<group>";
			versionGroupType = wrapper.xcdatamodel;
		};
/* End XCVersionGroup section */
	};
	rootObject = 253816D229A5D88C007BD118 /* Project object */;
}
